// !$*UTF8*$!
{
	archiveVersion = 1;
	classes = {
	};
	objectVersion = 50;
	objects = {

/* Begin PBXBuildFile section */
		7BEFFADC26E7B2C100007972 /* HeaderView.swift in Sources */ = {isa = PBXBuildFile; fileRef = 7BEFFADB26E7B2C100007972 /* HeaderView.swift */; };
		9C185E8126E75FAE00B80512 /* AddPlants.swift in Sources */ = {isa = PBXBuildFile; fileRef = 9C185E8026E75FAE00B80512 /* AddPlants.swift */; };
		9C185E8326E78AAF00B80512 /* ImagePickerView.swift in Sources */ = {isa = PBXBuildFile; fileRef = 9C185E8226E78AAF00B80512 /* ImagePickerView.swift */; };
		9C185E8526E78C0200B80512 /* Coordinator.swift in Sources */ = {isa = PBXBuildFile; fileRef = 9C185E8426E78C0200B80512 /* Coordinator.swift */; };
		9C358B2526EFAA9A00CFA928 /* PersistenceController.swift in Sources */ = {isa = PBXBuildFile; fileRef = 9C358B2426EFAA9A00CFA928 /* PersistenceController.swift */; };
		9C82539926E246C4006BAC0A /* PlantsParadiseApp.swift in Sources */ = {isa = PBXBuildFile; fileRef = 9C82539826E246C4006BAC0A /* PlantsParadiseApp.swift */; };
		9C82539B26E246C4006BAC0A /* ContentView.swift in Sources */ = {isa = PBXBuildFile; fileRef = 9C82539A26E246C4006BAC0A /* ContentView.swift */; };
		9C82539D26E246C5006BAC0A /* Assets.xcassets in Resources */ = {isa = PBXBuildFile; fileRef = 9C82539C26E246C5006BAC0A /* Assets.xcassets */; };
		9C8253A026E246C5006BAC0A /* Preview Assets.xcassets in Resources */ = {isa = PBXBuildFile; fileRef = 9C82539F26E246C5006BAC0A /* Preview Assets.xcassets */; };
		9C8253A526E246C5006BAC0A /* PlantsParadise.xcdatamodeld in Sources */ = {isa = PBXBuildFile; fileRef = 9C8253A326E246C5006BAC0A /* PlantsParadise.xcdatamodeld */; };
		9C8253B026E246C6006BAC0A /* PlantsParadiseTests.swift in Sources */ = {isa = PBXBuildFile; fileRef = 9C8253AF26E246C6006BAC0A /* PlantsParadiseTests.swift */; };
		9C8253BB26E246C6006BAC0A /* PlantsParadiseUITests.swift in Sources */ = {isa = PBXBuildFile; fileRef = 9C8253BA26E246C6006BAC0A /* PlantsParadiseUITests.swift */; };
/* End PBXBuildFile section */

/* Begin PBXContainerItemProxy section */
		9C8253AC26E246C6006BAC0A /* PBXContainerItemProxy */ = {
			isa = PBXContainerItemProxy;
			containerPortal = 9C82538D26E246C4006BAC0A /* Project object */;
			proxyType = 1;
			remoteGlobalIDString = 9C82539426E246C4006BAC0A;
			remoteInfo = PlantsParadise;
		};
		9C8253B726E246C6006BAC0A /* PBXContainerItemProxy */ = {
			isa = PBXContainerItemProxy;
			containerPortal = 9C82538D26E246C4006BAC0A /* Project object */;
			proxyType = 1;
			remoteGlobalIDString = 9C82539426E246C4006BAC0A;
			remoteInfo = PlantsParadise;
		};
/* End PBXContainerItemProxy section */

/* Begin PBXFileReference section */
		7BEFFADB26E7B2C100007972 /* HeaderView.swift */ = {isa = PBXFileReference; lastKnownFileType = sourcecode.swift; path = HeaderView.swift; sourceTree = "<group>"; };
		9C185E8026E75FAE00B80512 /* AddPlants.swift */ = {isa = PBXFileReference; lastKnownFileType = sourcecode.swift; path = AddPlants.swift; sourceTree = "<group>"; };
		9C185E8226E78AAF00B80512 /* ImagePickerView.swift */ = {isa = PBXFileReference; lastKnownFileType = sourcecode.swift; path = ImagePickerView.swift; sourceTree = "<group>"; };
		9C185E8426E78C0200B80512 /* Coordinator.swift */ = {isa = PBXFileReference; lastKnownFileType = sourcecode.swift; path = Coordinator.swift; sourceTree = "<group>"; };
		9C358B2426EFAA9A00CFA928 /* PersistenceController.swift */ = {isa = PBXFileReference; lastKnownFileType = sourcecode.swift; path = PersistenceController.swift; sourceTree = "<group>"; };
		9C3B2CC426E66FED002A3B33 /*  Didot.ttc */ = {isa = PBXFileReference; lastKnownFileType = file; path = " Didot.ttc"; sourceTree = "<group>"; };
		9C82539526E246C4006BAC0A /* PlantsParadise.app */ = {isa = PBXFileReference; explicitFileType = wrapper.application; includeInIndex = 0; path = PlantsParadise.app; sourceTree = BUILT_PRODUCTS_DIR; };
		9C82539826E246C4006BAC0A /* PlantsParadiseApp.swift */ = {isa = PBXFileReference; lastKnownFileType = sourcecode.swift; path = PlantsParadiseApp.swift; sourceTree = "<group>"; };
		9C82539A26E246C4006BAC0A /* ContentView.swift */ = {isa = PBXFileReference; lastKnownFileType = sourcecode.swift; path = ContentView.swift; sourceTree = "<group>"; };
		9C82539C26E246C5006BAC0A /* Assets.xcassets */ = {isa = PBXFileReference; lastKnownFileType = folder.assetcatalog; path = Assets.xcassets; sourceTree = "<group>"; };
		9C82539F26E246C5006BAC0A /* Preview Assets.xcassets */ = {isa = PBXFileReference; lastKnownFileType = folder.assetcatalog; path = "Preview Assets.xcassets"; sourceTree = "<group>"; };
		9C8253A426E246C5006BAC0A /* PlantsParadise.xcdatamodel */ = {isa = PBXFileReference; lastKnownFileType = wrapper.xcdatamodel; path = PlantsParadise.xcdatamodel; sourceTree = "<group>"; };
		9C8253A626E246C5006BAC0A /* Info.plist */ = {isa = PBXFileReference; lastKnownFileType = text.plist.xml; path = Info.plist; sourceTree = "<group>"; };
		9C8253AB26E246C6006BAC0A /* PlantsParadiseTests.xctest */ = {isa = PBXFileReference; explicitFileType = wrapper.cfbundle; includeInIndex = 0; path = PlantsParadiseTests.xctest; sourceTree = BUILT_PRODUCTS_DIR; };
		9C8253AF26E246C6006BAC0A /* PlantsParadiseTests.swift */ = {isa = PBXFileReference; lastKnownFileType = sourcecode.swift; path = PlantsParadiseTests.swift; sourceTree = "<group>"; };
		9C8253B126E246C6006BAC0A /* Info.plist */ = {isa = PBXFileReference; lastKnownFileType = text.plist.xml; path = Info.plist; sourceTree = "<group>"; };
		9C8253B626E246C6006BAC0A /* PlantsParadiseUITests.xctest */ = {isa = PBXFileReference; explicitFileType = wrapper.cfbundle; includeInIndex = 0; path = PlantsParadiseUITests.xctest; sourceTree = BUILT_PRODUCTS_DIR; };
		9C8253BA26E246C6006BAC0A /* PlantsParadiseUITests.swift */ = {isa = PBXFileReference; lastKnownFileType = sourcecode.swift; path = PlantsParadiseUITests.swift; sourceTree = "<group>"; };
		9C8253BC26E246C6006BAC0A /* Info.plist */ = {isa = PBXFileReference; lastKnownFileType = text.plist.xml; path = Info.plist; sourceTree = "<group>"; };
/* End PBXFileReference section */

/* Begin PBXFrameworksBuildPhase section */
		9C82539226E246C4006BAC0A /* Frameworks */ = {
			isa = PBXFrameworksBuildPhase;
			buildActionMask = 2147483647;
			files = (
			);
			runOnlyForDeploymentPostprocessing = 0;
		};
		9C8253A826E246C6006BAC0A /* Frameworks */ = {
			isa = PBXFrameworksBuildPhase;
			buildActionMask = 2147483647;
			files = (
			);
			runOnlyForDeploymentPostprocessing = 0;
		};
		9C8253B326E246C6006BAC0A /* Frameworks */ = {
			isa = PBXFrameworksBuildPhase;
			buildActionMask = 2147483647;
			files = (
			);
			runOnlyForDeploymentPostprocessing = 0;
		};
/* End PBXFrameworksBuildPhase section */

/* Begin PBXGroup section */
		7BEFFADD26E7B34C00007972 /* Views */ = {
			isa = PBXGroup;
			children = (
				7BEFFADB26E7B2C100007972 /* HeaderView.swift */,
				9C185E8026E75FAE00B80512 /* AddPlants.swift */,
			);
			path = Views;
			sourceTree = "<group>";
		};
		7BEFFADE26E7B7B400007972 /* Core data */ = {
			isa = PBXGroup;
			children = (
				9C8253A326E246C5006BAC0A /* PlantsParadise.xcdatamodeld */,
				9C358B2426EFAA9A00CFA928 /* PersistenceController.swift */,
			);
			path = "Core data";
			sourceTree = "<group>";
		};
		9C82538C26E246C4006BAC0A = {
			isa = PBXGroup;
			children = (
				9C82539726E246C4006BAC0A /* PlantsParadise */,
				9C8253AE26E246C6006BAC0A /* PlantsParadiseTests */,
				9C8253B926E246C6006BAC0A /* PlantsParadiseUITests */,
				9C82539626E246C4006BAC0A /* Products */,
			);
			sourceTree = "<group>";
		};
		9C82539626E246C4006BAC0A /* Products */ = {
			isa = PBXGroup;
			children = (
				9C82539526E246C4006BAC0A /* PlantsParadise.app */,
				9C8253AB26E246C6006BAC0A /* PlantsParadiseTests.xctest */,
				9C8253B626E246C6006BAC0A /* PlantsParadiseUITests.xctest */,
			);
			name = Products;
			sourceTree = "<group>";
		};
		9C82539726E246C4006BAC0A /* PlantsParadise */ = {
			isa = PBXGroup;
			children = (
				9C82539A26E246C4006BAC0A /* ContentView.swift */,
				9C82539826E246C4006BAC0A /* PlantsParadiseApp.swift */,
				7BEFFADE26E7B7B400007972 /* Core data */,
				7BEFFADD26E7B34C00007972 /* Views */,
				9C82539C26E246C5006BAC0A /* Assets.xcassets */,
				9C3B2CC426E66FED002A3B33 /*  Didot.ttc */,
				9C8253A626E246C5006BAC0A /* Info.plist */,
				9C82539E26E246C5006BAC0A /* Preview Content */,
				9C185E8226E78AAF00B80512 /* ImagePickerView.swift */,
				9C185E8426E78C0200B80512 /* Coordinator.swift */,
			);
			path = PlantsParadise;
			sourceTree = "<group>";
		};
		9C82539E26E246C5006BAC0A /* Preview Content */ = {
			isa = PBXGroup;
			children = (
				9C82539F26E246C5006BAC0A /* Preview Assets.xcassets */,
			);
			path = "Preview Content";
			sourceTree = "<group>";
		};
		9C8253AE26E246C6006BAC0A /* PlantsParadiseTests */ = {
			isa = PBXGroup;
			children = (
				9C8253AF26E246C6006BAC0A /* PlantsParadiseTests.swift */,
				9C8253B126E246C6006BAC0A /* Info.plist */,
			);
			path = PlantsParadiseTests;
			sourceTree = "<group>";
		};
		9C8253B926E246C6006BAC0A /* PlantsParadiseUITests */ = {
			isa = PBXGroup;
			children = (
				9C8253BA26E246C6006BAC0A /* PlantsParadiseUITests.swift */,
				9C8253BC26E246C6006BAC0A /* Info.plist */,
			);
			path = PlantsParadiseUITests;
			sourceTree = "<group>";
		};
/* End PBXGroup section */

/* Begin PBXNativeTarget section */
		9C82539426E246C4006BAC0A /* PlantsParadise */ = {
			isa = PBXNativeTarget;
			buildConfigurationList = 9C8253BF26E246C6006BAC0A /* Build configuration list for PBXNativeTarget "PlantsParadise" */;
			buildPhases = (
				9C82539126E246C4006BAC0A /* Sources */,
				9C82539226E246C4006BAC0A /* Frameworks */,
				9C82539326E246C4006BAC0A /* Resources */,
			);
			buildRules = (
			);
			dependencies = (
			);
			name = PlantsParadise;
			productName = PlantsParadise;
			productReference = 9C82539526E246C4006BAC0A /* PlantsParadise.app */;
			productType = "com.apple.product-type.application";
		};
		9C8253AA26E246C6006BAC0A /* PlantsParadiseTests */ = {
			isa = PBXNativeTarget;
			buildConfigurationList = 9C8253C226E246C6006BAC0A /* Build configuration list for PBXNativeTarget "PlantsParadiseTests" */;
			buildPhases = (
				9C8253A726E246C6006BAC0A /* Sources */,
				9C8253A826E246C6006BAC0A /* Frameworks */,
				9C8253A926E246C6006BAC0A /* Resources */,
			);
			buildRules = (
			);
			dependencies = (
				9C8253AD26E246C6006BAC0A /* PBXTargetDependency */,
			);
			name = PlantsParadiseTests;
			productName = PlantsParadiseTests;
			productReference = 9C8253AB26E246C6006BAC0A /* PlantsParadiseTests.xctest */;
			productType = "com.apple.product-type.bundle.unit-test";
		};
		9C8253B526E246C6006BAC0A /* PlantsParadiseUITests */ = {
			isa = PBXNativeTarget;
			buildConfigurationList = 9C8253C526E246C6006BAC0A /* Build configuration list for PBXNativeTarget "PlantsParadiseUITests" */;
			buildPhases = (
				9C8253B226E246C6006BAC0A /* Sources */,
				9C8253B326E246C6006BAC0A /* Frameworks */,
				9C8253B426E246C6006BAC0A /* Resources */,
			);
			buildRules = (
			);
			dependencies = (
				9C8253B826E246C6006BAC0A /* PBXTargetDependency */,
			);
			name = PlantsParadiseUITests;
			productName = PlantsParadiseUITests;
			productReference = 9C8253B626E246C6006BAC0A /* PlantsParadiseUITests.xctest */;
			productType = "com.apple.product-type.bundle.ui-testing";
		};
/* End PBXNativeTarget section */

/* Begin PBXProject section */
		9C82538D26E246C4006BAC0A /* Project object */ = {
			isa = PBXProject;
			attributes = {
				LastSwiftUpdateCheck = 1250;
				LastUpgradeCheck = 1250;
				TargetAttributes = {
					9C82539426E246C4006BAC0A = {
						CreatedOnToolsVersion = 12.5.1;
					};
					9C8253AA26E246C6006BAC0A = {
						CreatedOnToolsVersion = 12.5.1;
						TestTargetID = 9C82539426E246C4006BAC0A;
					};
					9C8253B526E246C6006BAC0A = {
						CreatedOnToolsVersion = 12.5.1;
						TestTargetID = 9C82539426E246C4006BAC0A;
					};
				};
			};
			buildConfigurationList = 9C82539026E246C4006BAC0A /* Build configuration list for PBXProject "PlantsParadise" */;
			compatibilityVersion = "Xcode 9.3";
			developmentRegion = en;
			hasScannedForEncodings = 0;
			knownRegions = (
				en,
				Base,
			);
			mainGroup = 9C82538C26E246C4006BAC0A;
			productRefGroup = 9C82539626E246C4006BAC0A /* Products */;
			projectDirPath = "";
			projectRoot = "";
			targets = (
				9C82539426E246C4006BAC0A /* PlantsParadise */,
				9C8253AA26E246C6006BAC0A /* PlantsParadiseTests */,
				9C8253B526E246C6006BAC0A /* PlantsParadiseUITests */,
			);
		};
/* End PBXProject section */

/* Begin PBXResourcesBuildPhase section */
		9C82539326E246C4006BAC0A /* Resources */ = {
			isa = PBXResourcesBuildPhase;
			buildActionMask = 2147483647;
			files = (
				9C8253A026E246C5006BAC0A /* Preview Assets.xcassets in Resources */,
				9C82539D26E246C5006BAC0A /* Assets.xcassets in Resources */,
			);
			runOnlyForDeploymentPostprocessing = 0;
		};
		9C8253A926E246C6006BAC0A /* Resources */ = {
			isa = PBXResourcesBuildPhase;
			buildActionMask = 2147483647;
			files = (
			);
			runOnlyForDeploymentPostprocessing = 0;
		};
		9C8253B426E246C6006BAC0A /* Resources */ = {
			isa = PBXResourcesBuildPhase;
			buildActionMask = 2147483647;
			files = (
			);
			runOnlyForDeploymentPostprocessing = 0;
		};
/* End PBXResourcesBuildPhase section */

/* Begin PBXSourcesBuildPhase section */
		9C82539126E246C4006BAC0A /* Sources */ = {
			isa = PBXSourcesBuildPhase;
			buildActionMask = 2147483647;
			files = (
				9C82539B26E246C4006BAC0A /* ContentView.swift in Sources */,
				9C185E8126E75FAE00B80512 /* AddPlants.swift in Sources */,
				9C8253A526E246C5006BAC0A /* PlantsParadise.xcdatamodeld in Sources */,
				9C185E8326E78AAF00B80512 /* ImagePickerView.swift in Sources */,
				9C82539926E246C4006BAC0A /* PlantsParadiseApp.swift in Sources */,
				9C185E8526E78C0200B80512 /* Coordinator.swift in Sources */,
				7BEFFADC26E7B2C100007972 /* HeaderView.swift in Sources */,
				9C358B2526EFAA9A00CFA928 /* PersistenceController.swift in Sources */,
			);
			runOnlyForDeploymentPostprocessing = 0;
		};
		9C8253A726E246C6006BAC0A /* Sources */ = {
			isa = PBXSourcesBuildPhase;
			buildActionMask = 2147483647;
			files = (
				9C8253B026E246C6006BAC0A /* PlantsParadiseTests.swift in Sources */,
			);
			runOnlyForDeploymentPostprocessing = 0;
		};
		9C8253B226E246C6006BAC0A /* Sources */ = {
			isa = PBXSourcesBuildPhase;
			buildActionMask = 2147483647;
			files = (
				9C8253BB26E246C6006BAC0A /* PlantsParadiseUITests.swift in Sources */,
			);
			runOnlyForDeploymentPostprocessing = 0;
		};
/* End PBXSourcesBuildPhase section */

/* Begin PBXTargetDependency section */
		9C8253AD26E246C6006BAC0A /* PBXTargetDependency */ = {
			isa = PBXTargetDependency;
			target = 9C82539426E246C4006BAC0A /* PlantsParadise */;
			targetProxy = 9C8253AC26E246C6006BAC0A /* PBXContainerItemProxy */;
		};
		9C8253B826E246C6006BAC0A /* PBXTargetDependency */ = {
			isa = PBXTargetDependency;
			target = 9C82539426E246C4006BAC0A /* PlantsParadise */;
			targetProxy = 9C8253B726E246C6006BAC0A /* PBXContainerItemProxy */;
		};
/* End PBXTargetDependency section */

/* Begin XCBuildConfiguration section */
		9C8253BD26E246C6006BAC0A /* Debug */ = {
			isa = XCBuildConfiguration;
			buildSettings = {
				ALWAYS_SEARCH_USER_PATHS = NO;
				CLANG_ANALYZER_NONNULL = YES;
				CLANG_ANALYZER_NUMBER_OBJECT_CONVERSION = YES_AGGRESSIVE;
				CLANG_CXX_LANGUAGE_STANDARD = "gnu++14";
				CLANG_CXX_LIBRARY = "libc++";
				CLANG_ENABLE_MODULES = YES;
				CLANG_ENABLE_OBJC_ARC = YES;
				CLANG_ENABLE_OBJC_WEAK = YES;
				CLANG_WARN_BLOCK_CAPTURE_AUTORELEASING = YES;
				CLANG_WARN_BOOL_CONVERSION = YES;
				CLANG_WARN_COMMA = YES;
				CLANG_WARN_CONSTANT_CONVERSION = YES;
				CLANG_WARN_DEPRECATED_OBJC_IMPLEMENTATIONS = YES;
				CLANG_WARN_DIRECT_OBJC_ISA_USAGE = YES_ERROR;
				CLANG_WARN_DOCUMENTATION_COMMENTS = YES;
				CLANG_WARN_EMPTY_BODY = YES;
				CLANG_WARN_ENUM_CONVERSION = YES;
				CLANG_WARN_INFINITE_RECURSION = YES;
				CLANG_WARN_INT_CONVERSION = YES;
				CLANG_WARN_NON_LITERAL_NULL_CONVERSION = YES;
				CLANG_WARN_OBJC_IMPLICIT_RETAIN_SELF = YES;
				CLANG_WARN_OBJC_LITERAL_CONVERSION = YES;
				CLANG_WARN_OBJC_ROOT_CLASS = YES_ERROR;
				CLANG_WARN_QUOTED_INCLUDE_IN_FRAMEWORK_HEADER = YES;
				CLANG_WARN_RANGE_LOOP_ANALYSIS = YES;
				CLANG_WARN_STRICT_PROTOTYPES = YES;
				CLANG_WARN_SUSPICIOUS_MOVE = YES;
				CLANG_WARN_UNGUARDED_AVAILABILITY = YES_AGGRESSIVE;
				CLANG_WARN_UNREACHABLE_CODE = YES;
				CLANG_WARN__DUPLICATE_METHOD_MATCH = YES;
				COPY_PHASE_STRIP = NO;
				DEBUG_INFORMATION_FORMAT = dwarf;
				ENABLE_STRICT_OBJC_MSGSEND = YES;
				ENABLE_TESTABILITY = YES;
				GCC_C_LANGUAGE_STANDARD = gnu11;
				GCC_DYNAMIC_NO_PIC = NO;
				GCC_NO_COMMON_BLOCKS = YES;
				GCC_OPTIMIZATION_LEVEL = 0;
				GCC_PREPROCESSOR_DEFINITIONS = (
					"DEBUG=1",
					"$(inherited)",
				);
				GCC_WARN_64_TO_32_BIT_CONVERSION = YES;
				GCC_WARN_ABOUT_RETURN_TYPE = YES_ERROR;
				GCC_WARN_UNDECLARED_SELECTOR = YES;
				GCC_WARN_UNINITIALIZED_AUTOS = YES_AGGRESSIVE;
				GCC_WARN_UNUSED_FUNCTION = YES;
				GCC_WARN_UNUSED_VARIABLE = YES;
				IPHONEOS_DEPLOYMENT_TARGET = 14.5;
				MTL_ENABLE_DEBUG_INFO = INCLUDE_SOURCE;
				MTL_FAST_MATH = YES;
				ONLY_ACTIVE_ARCH = YES;
				SDKROOT = iphoneos;
				SWIFT_ACTIVE_COMPILATION_CONDITIONS = DEBUG;
				SWIFT_OPTIMIZATION_LEVEL = "-Onone";
			};
			name = Debug;
		};
		9C8253BE26E246C6006BAC0A /* Release */ = {
			isa = XCBuildConfiguration;
			buildSettings = {
				ALWAYS_SEARCH_USER_PATHS = NO;
				CLANG_ANALYZER_NONNULL = YES;
				CLANG_ANALYZER_NUMBER_OBJECT_CONVERSION = YES_AGGRESSIVE;
				CLANG_CXX_LANGUAGE_STANDARD = "gnu++14";
				CLANG_CXX_LIBRARY = "libc++";
				CLANG_ENABLE_MODULES = YES;
				CLANG_ENABLE_OBJC_ARC = YES;
				CLANG_ENABLE_OBJC_WEAK = YES;
				CLANG_WARN_BLOCK_CAPTURE_AUTORELEASING = YES;
				CLANG_WARN_BOOL_CONVERSION = YES;
				CLANG_WARN_COMMA = YES;
				CLANG_WARN_CONSTANT_CONVERSION = YES;
				CLANG_WARN_DEPRECATED_OBJC_IMPLEMENTATIONS = YES;
				CLANG_WARN_DIRECT_OBJC_ISA_USAGE = YES_ERROR;
				CLANG_WARN_DOCUMENTATION_COMMENTS = YES;
				CLANG_WARN_EMPTY_BODY = YES;
				CLANG_WARN_ENUM_CONVERSION = YES;
				CLANG_WARN_INFINITE_RECURSION = YES;
				CLANG_WARN_INT_CONVERSION = YES;
				CLANG_WARN_NON_LITERAL_NULL_CONVERSION = YES;
				CLANG_WARN_OBJC_IMPLICIT_RETAIN_SELF = YES;
				CLANG_WARN_OBJC_LITERAL_CONVERSION = YES;
				CLANG_WARN_OBJC_ROOT_CLASS = YES_ERROR;
				CLANG_WARN_QUOTED_INCLUDE_IN_FRAMEWORK_HEADER = YES;
				CLANG_WARN_RANGE_LOOP_ANALYSIS = YES;
				CLANG_WARN_STRICT_PROTOTYPES = YES;
				CLANG_WARN_SUSPICIOUS_MOVE = YES;
				CLANG_WARN_UNGUARDED_AVAILABILITY = YES_AGGRESSIVE;
				CLANG_WARN_UNREACHABLE_CODE = YES;
				CLANG_WARN__DUPLICATE_METHOD_MATCH = YES;
				COPY_PHASE_STRIP = NO;
				DEBUG_INFORMATION_FORMAT = "dwarf-with-dsym";
				ENABLE_NS_ASSERTIONS = NO;
				ENABLE_STRICT_OBJC_MSGSEND = YES;
				GCC_C_LANGUAGE_STANDARD = gnu11;
				GCC_NO_COMMON_BLOCKS = YES;
				GCC_WARN_64_TO_32_BIT_CONVERSION = YES;
				GCC_WARN_ABOUT_RETURN_TYPE = YES_ERROR;
				GCC_WARN_UNDECLARED_SELECTOR = YES;
				GCC_WARN_UNINITIALIZED_AUTOS = YES_AGGRESSIVE;
				GCC_WARN_UNUSED_FUNCTION = YES;
				GCC_WARN_UNUSED_VARIABLE = YES;
				IPHONEOS_DEPLOYMENT_TARGET = 14.5;
				MTL_ENABLE_DEBUG_INFO = NO;
				MTL_FAST_MATH = YES;
				SDKROOT = iphoneos;
				SWIFT_COMPILATION_MODE = wholemodule;
				SWIFT_OPTIMIZATION_LEVEL = "-O";
				VALIDATE_PRODUCT = YES;
			};
			name = Release;
		};
		9C8253C026E246C6006BAC0A /* Debug */ = {
			isa = XCBuildConfiguration;
			buildSettings = {
				ASSETCATALOG_COMPILER_APPICON_NAME = AppIcon;
				ASSETCATALOG_COMPILER_GLOBAL_ACCENT_COLOR_NAME = AccentColor;
				CODE_SIGN_STYLE = Automatic;
				DEVELOPMENT_ASSET_PATHS = "\"PlantsParadise/Preview Content\"";
				DEVELOPMENT_TEAM = 5K8DY798Z4;
				ENABLE_PREVIEWS = YES;
				INFOPLIST_FILE = PlantsParadise/Info.plist;
				IPHONEOS_DEPLOYMENT_TARGET = 14.0;
				LD_RUNPATH_SEARCH_PATHS = (
					"$(inherited)",
					"@executable_path/Frameworks",
				);
				PRODUCT_BUNDLE_IDENTIFIER = com.gaffegiovanni.PlantsParadise;
				PRODUCT_NAME = "$(TARGET_NAME)";
				SWIFT_VERSION = 5.0;
				TARGETED_DEVICE_FAMILY = "1,2";
			};
			name = Debug;
		};
		9C8253C126E246C6006BAC0A /* Release */ = {
			isa = XCBuildConfiguration;
			buildSettings = {
				ASSETCATALOG_COMPILER_APPICON_NAME = AppIcon;
				ASSETCATALOG_COMPILER_GLOBAL_ACCENT_COLOR_NAME = AccentColor;
				CODE_SIGN_STYLE = Automatic;
				DEVELOPMENT_ASSET_PATHS = "\"PlantsParadise/Preview Content\"";
				DEVELOPMENT_TEAM = 5K8DY798Z4;
				ENABLE_PREVIEWS = YES;
				INFOPLIST_FILE = PlantsParadise/Info.plist;
				IPHONEOS_DEPLOYMENT_TARGET = 14.0;
				LD_RUNPATH_SEARCH_PATHS = (
					"$(inherited)",
					"@executable_path/Frameworks",
				);
				PRODUCT_BUNDLE_IDENTIFIER = com.gaffegiovanni.PlantsParadise;
				PRODUCT_NAME = "$(TARGET_NAME)";
				SWIFT_VERSION = 5.0;
				TARGETED_DEVICE_FAMILY = "1,2";
			};
			name = Release;
		};
		9C8253C326E246C6006BAC0A /* Debug */ = {
			isa = XCBuildConfiguration;
			buildSettings = {
				ALWAYS_EMBED_SWIFT_STANDARD_LIBRARIES = YES;
				BUNDLE_LOADER = "$(TEST_HOST)";
				CODE_SIGN_STYLE = Automatic;
				DEVELOPMENT_TEAM = 2JZJR57TRU;
				INFOPLIST_FILE = PlantsParadiseTests/Info.plist;
				IPHONEOS_DEPLOYMENT_TARGET = 14.0;
				LD_RUNPATH_SEARCH_PATHS = (
					"$(inherited)",
					"@executable_path/Frameworks",
					"@loader_path/Frameworks",
				);
				PRODUCT_BUNDLE_IDENTIFIER = com.max.obj.PlantsParadiseTests;
				PRODUCT_NAME = "$(TARGET_NAME)";
				SWIFT_VERSION = 5.0;
				TARGETED_DEVICE_FAMILY = "1,2";
				TEST_HOST = "$(BUILT_PRODUCTS_DIR)/PlantsParadise.app/PlantsParadise";
			};
			name = Debug;
		};
		9C8253C426E246C6006BAC0A /* Release */ = {
			isa = XCBuildConfiguration;
			buildSettings = {
				ALWAYS_EMBED_SWIFT_STANDARD_LIBRARIES = YES;
				BUNDLE_LOADER = "$(TEST_HOST)";
				CODE_SIGN_STYLE = Automatic;
				DEVELOPMENT_TEAM = 2JZJR57TRU;
				INFOPLIST_FILE = PlantsParadiseTests/Info.plist;
				IPHONEOS_DEPLOYMENT_TARGET = 14.0;
				LD_RUNPATH_SEARCH_PATHS = (
					"$(inherited)",
					"@executable_path/Frameworks",
					"@loader_path/Frameworks",
				);
				PRODUCT_BUNDLE_IDENTIFIER = com.max.obj.PlantsParadiseTests;
				PRODUCT_NAME = "$(TARGET_NAME)";
				SWIFT_VERSION = 5.0;
				TARGETED_DEVICE_FAMILY = "1,2";
				TEST_HOST = "$(BUILT_PRODUCTS_DIR)/PlantsParadise.app/PlantsParadise";
			};
			name = Release;
		};
		9C8253C626E246C6006BAC0A /* Debug */ = {
			isa = XCBuildConfiguration;
			buildSettings = {
				ALWAYS_EMBED_SWIFT_STANDARD_LIBRARIES = YES;
				CODE_SIGN_STYLE = Automatic;
				DEVELOPMENT_TEAM = 2JZJR57TRU;
				INFOPLIST_FILE = PlantsParadiseUITests/Info.plist;
				LD_RUNPATH_SEARCH_PATHS = (
					"$(inherited)",
					"@executable_path/Frameworks",
					"@loader_path/Frameworks",
				);
				PRODUCT_BUNDLE_IDENTIFIER = com.max.obj.PlantsParadiseUITests;
				PRODUCT_NAME = "$(TARGET_NAME)";
				SWIFT_VERSION = 5.0;
				TARGETED_DEVICE_FAMILY = "1,2";
				TEST_TARGET_NAME = PlantsParadise;
			};
			name = Debug;
		};
		9C8253C726E246C6006BAC0A /* Release */ = {
			isa = XCBuildConfiguration;
			buildSettings = {
				ALWAYS_EMBED_SWIFT_STANDARD_LIBRARIES = YES;
				CODE_SIGN_STYLE = Automatic;
				DEVELOPMENT_TEAM = 2JZJR57TRU;
				INFOPLIST_FILE = PlantsParadiseUITests/Info.plist;
				LD_RUNPATH_SEARCH_PATHS = (
					"$(inherited)",
					"@executable_path/Frameworks",
					"@loader_path/Frameworks",
				);
				PRODUCT_BUNDLE_IDENTIFIER = com.max.obj.PlantsParadiseUITests;
				PRODUCT_NAME = "$(TARGET_NAME)";
				SWIFT_VERSION = 5.0;
				TARGETED_DEVICE_FAMILY = "1,2";
				TEST_TARGET_NAME = PlantsParadise;
			};
			name = Release;
		};
/* End XCBuildConfiguration section */

/* Begin XCConfigurationList section */
		9C82539026E246C4006BAC0A /* Build configuration list for PBXProject "PlantsParadise" */ = {
			isa = XCConfigurationList;
			buildConfigurations = (
				9C8253BD26E246C6006BAC0A /* Debug */,
				9C8253BE26E246C6006BAC0A /* Release */,
			);
			defaultConfigurationIsVisible = 0;
			defaultConfigurationName = Release;
		};
		9C8253BF26E246C6006BAC0A /* Build configuration list for PBXNativeTarget "PlantsParadise" */ = {
			isa = XCConfigurationList;
			buildConfigurations = (
				9C8253C026E246C6006BAC0A /* Debug */,
				9C8253C126E246C6006BAC0A /* Release */,
			);
			defaultConfigurationIsVisible = 0;
			defaultConfigurationName = Release;
		};
		9C8253C226E246C6006BAC0A /* Build configuration list for PBXNativeTarget "PlantsParadiseTests" */ = {
			isa = XCConfigurationList;
			buildConfigurations = (
				9C8253C326E246C6006BAC0A /* Debug */,
				9C8253C426E246C6006BAC0A /* Release */,
			);
			defaultConfigurationIsVisible = 0;
			defaultConfigurationName = Release;
		};
		9C8253C526E246C6006BAC0A /* Build configuration list for PBXNativeTarget "PlantsParadiseUITests" */ = {
			isa = XCConfigurationList;
			buildConfigurations = (
				9C8253C626E246C6006BAC0A /* Debug */,
				9C8253C726E246C6006BAC0A /* Release */,
			);
			defaultConfigurationIsVisible = 0;
			defaultConfigurationName = Release;
		};
/* End XCConfigurationList section */

/* Begin XCVersionGroup section */
		9C8253A326E246C5006BAC0A /* PlantsParadise.xcdatamodeld */ = {
			isa = XCVersionGroup;
			children = (
				9C8253A426E246C5006BAC0A /* PlantsParadise.xcdatamodel */,
			);
			currentVersion = 9C8253A426E246C5006BAC0A /* PlantsParadise.xcdatamodel */;
			path = PlantsParadise.xcdatamodeld;
			sourceTree = "<group>";
			versionGroupType = wrapper.xcdatamodel;
		};
/* End XCVersionGroup section */
	};
	rootObject = 9C82538D26E246C4006BAC0A /* Project object */;
}
